
Microsoft Visual Studio Solution File, Format Version 12.00
# Visual Studio Version 17
VisualStudioVersion = 17.5.002.0
MinimumVisualStudioVersion = 10.0.40219.1
Project("{9A19103F-16F7-4668-BE54-9A1E7A4F7556}") = "ITPE3200ExamProject", "ITPE3200ExamProject.csproj", "{3BDB9945-5CE1-40B8-AE35-386C872F0FA2}"
EndProject

Global
	GlobalSection(SolutionConfigurationPlatforms) = preSolution
		Debug|Any CPU = Debug|Any CPU
		Release|Any CPU = Release|Any CPU
	EndGlobalSection
	GlobalSection(ProjectConfigurationPlatforms) = postSolution
		{3BDB9945-5CE1-40B8-AE35-386C872F0FA2}.Debug|Any CPU.ActiveCfg = Debug|Any CPU
		{3BDB9945-5CE1-40B8-AE35-386C872F0FA2}.Debug|Any CPU.Build.0 = Debug|Any CPU
		{3BDB9945-5CE1-40B8-AE35-386C872F0FA2}.Release|Any CPU.ActiveCfg = Release|Any CPU
		{3BDB9945-5CE1-40B8-AE35-386C872F0FA2}.Release|Any CPU.Build.0 = Release|Any CPU
		{690D00A3-924F-4543-8645-AC869D379F7C}.Debug|Any CPU.ActiveCfg = Debug|Any CPU
		{690D00A3-924F-4543-8645-AC869D379F7C}.Debug|Any CPU.Build.0 = Debug|Any CPU
		{690D00A3-924F-4543-8645-AC869D379F7C}.Release|Any CPU.ActiveCfg = Release|Any CPU
		{690D00A3-924F-4543-8645-AC869D379F7C}.Release|Any CPU.Build.0 = Release|Any CPU
	EndGlobalSection
	GlobalSection(SolutionProperties) = preSolution
		HideSolutionNode = FALSE
	EndGlobalSection
	GlobalSection(ExtensibilityGlobals) = postSolution
		SolutionGuid = {BDA47471-EDB7-4108-B66F-034F88260C50}
	EndGlobalSection
EndGlobal
